
Microsoft Visual Studio Solution File, Format Version 12.00
# Visual Studio Version 16
VisualStudioVersion = 16.0.35706.149
MinimumVisualStudioVersion = 10.0.40219.1
Project("{FAE04EC0-301F-11D3-BF4B-00C04F79EFBC}") = "Silly Files", "Silly Files\Silly Files.csproj", "{3688DAA7-0A29-4288-9D44-B531FB6C3480}"
EndProject
Global
	GlobalSection(SolutionConfigurationPlatforms) = preSolution
		Debug|Any CPU = Debug|Any CPU
		Release|Any CPU = Release|Any CPU
	EndGlobalSection
	GlobalSection(ProjectConfigurationPlatforms) = postSolution
		{3688DAA7-0A29-4288-9D44-B531FB6C3480}.Debug|Any CPU.ActiveCfg = Debug|Any CPU
		{3688DAA7-0A29-4288-9D44-B531FB6C3480}.Debug|Any CPU.Build.0 = Debug|Any CPU
		{3688DAA7-0A29-4288-9D44-B531FB6C3480}.Release|Any CPU.ActiveCfg = Release|Any CPU
		{3688DAA7-0A29-4288-9D44-B531FB6C3480}.Release|Any CPU.Build.0 = Release|Any CPU
	EndGlobalSection
	GlobalSection(SolutionProperties) = preSolution
		HideSolutionNode = FALSE
	EndGlobalSection
	GlobalSection(ExtensibilityGlobals) = postSolution
		SolutionGuid = {1C449930-DA2F-4CBD-90F9-6C1B95211267}
	EndGlobalSection
EndGlobal
