
Microsoft Visual Studio Solution File, Format Version 12.00
# Visual Studio Version 16
VisualStudioVersion = 16.0.34931.43
MinimumVisualStudioVersion = 10.0.40219.1
Project("{FAE04EC0-301F-11D3-BF4B-00C04F79EFBC}") = "Klog", "Klog\Klog.csproj", "{968D80A1-DD26-461F-BABC-8B1E511B18A3}"
EndProject
Global
	GlobalSection(SolutionConfigurationPlatforms) = preSolution
		Debug|Any CPU = Debug|Any CPU
		Release|Any CPU = Release|Any CPU
	EndGlobalSection
	GlobalSection(ProjectConfigurationPlatforms) = postSolution
		{968D80A1-DD26-461F-BABC-8B1E511B18A3}.Debug|Any CPU.ActiveCfg = Debug|Any CPU
		{968D80A1-DD26-461F-BABC-8B1E511B18A3}.Debug|Any CPU.Build.0 = Debug|Any CPU
		{968D80A1-DD26-461F-BABC-8B1E511B18A3}.Release|Any CPU.ActiveCfg = Release|Any CPU
		{968D80A1-DD26-461F-BABC-8B1E511B18A3}.Release|Any CPU.Build.0 = Release|Any CPU
	EndGlobalSection
	GlobalSection(SolutionProperties) = preSolution
		HideSolutionNode = FALSE
	EndGlobalSection
	GlobalSection(ExtensibilityGlobals) = postSolution
		SolutionGuid = {F77CEE9D-2291-4CE3-95A5-A0C345F862D9}
	EndGlobalSection
EndGlobal
