
Microsoft Visual Studio Solution File, Format Version 12.00
# Visual Studio Version 17
VisualStudioVersion = 17.11.35327.3
MinimumVisualStudioVersion = 10.0.40219.1
Project("{FAE04EC0-301F-11D3-BF4B-00C04F79EFBC}") = "MatrixVirus", "MatrixVirus\MatrixVirus.csproj", "{7A43F94D-E5E9-41D3-9F28-6AF3A86C918B}"
EndProject
Global
	GlobalSection(SolutionConfigurationPlatforms) = preSolution
		Debug|Any CPU = Debug|Any CPU
		Release|Any CPU = Release|Any CPU
	EndGlobalSection
	GlobalSection(ProjectConfigurationPlatforms) = postSolution
		{7A43F94D-E5E9-41D3-9F28-6AF3A86C918B}.Debug|Any CPU.ActiveCfg = Debug|Any CPU
		{7A43F94D-E5E9-41D3-9F28-6AF3A86C918B}.Debug|Any CPU.Build.0 = Debug|Any CPU
		{7A43F94D-E5E9-41D3-9F28-6AF3A86C918B}.Release|Any CPU.ActiveCfg = Release|Any CPU
		{7A43F94D-E5E9-41D3-9F28-6AF3A86C918B}.Release|Any CPU.Build.0 = Release|Any CPU
	EndGlobalSection
	GlobalSection(SolutionProperties) = preSolution
		HideSolutionNode = FALSE
	EndGlobalSection
	GlobalSection(ExtensibilityGlobals) = postSolution
		SolutionGuid = {F60F4A1B-7959-456E-A969-24E6B9A3B040}
	EndGlobalSection
EndGlobal
